# This file is automatically @generated by Cargo.
# It is not intended for manual editing.
version = 4

[[package]]
name = "synthvid-catalog"
version = "0.1.0"
dependencies = [
 "synthvid-scene",
]

[[package]]
name = "synthvid-cli"
version = "0.1.0"

[[package]]
name = "synthvid-encode"
version = "0.1.0"
dependencies = [
 "synthvid-scene",
]

[[package]]
name = "synthvid-scene"
version = "0.1.0"

[[package]]
name = "synthvid-validate"
version = "0.1.0"
dependencies = [
 "synthvid-catalog",
 "synthvid-encode",
 "synthvid-scene",
]
