0016x0016-1-120fps-gradient-disc-ballistic-raw-iso-identity-scaled-zero-dim-media.mp4 5337f7d99bac685cab6534272b58bb1331a6fc7a6571ddceb2dee66ea8f566d7 1366
0016x0016-1-120fps-gradient-disc-ballistic-raw-iso-identity-scaled-zero-dim.json 92325648a72cbad734043adf0e6ca1f1d5360cc26d14a9d79830f45d4ce04018 776
0016x0016-1-240fps-blobs-disc-ballistic-raw-iso-identity-scaled-trunc-box-media.mp4 a886ec431326dc45f33e1cbfb4a42d0b2475b34b9c49f44862d5ce4253bdfa56 28
0016x0016-1-240fps-blobs-disc-ballistic-raw-iso-identity-scaled-trunc-box.json 5fa236d0603aaa425bbff30019605df08dde4ba2a86dec7e255f15ec940ff490 771
0016x0016-1-30fps-gradient-disc-fixed-raw-iso-rot180-scaled-zero-fps-media.mp4 c206d384d6b32232ebcb4d40944f3b9f9524bef0b3786391fb5843a51a5f3eab 1366
0016x0016-1-30fps-gradient-disc-fixed-raw-iso-rot180-scaled-zero-fps.json e52713819ed859efd82877cb39b047d0e07547f1e3b6d7e95f6448d9d9abff6c 770
0016x0016-1-30fps-grid-disc-walk-raw-iso-identity-scaled-zero-dim-media.mp4 11820fbfb4f64f5c885a078597103985f3d9d4dbf25f5e27900af95d87ef0014 1366
0016x0016-1-30fps-grid-disc-walk-raw-iso-identity-scaled-zero-dim.json c00031d2e69862092151f78421e93deddb08464887d8a2472aec70ce502d4bab 763
0016x0016-1-30fps-solid-disc-ballistic-raw-iso-identity-scaled-zero-pay-media.mp4 0cd8338545f81b6411433a87adbcfb6aa04b0c69b647e98677030f842426bc00 1366
0016x0016-1-30fps-solid-disc-ballistic-raw-iso-identity-scaled-zero-pay.json d2df94bb5acb1fa9dbffeaef9d6529aa7b4362c352bcdc957fe5777ce7699654 768
0016x0016-1-30fps-solid-disc-fixed-raw-iso-identity-scaled-nodef-media.mp4 d4229c0a255d0c3b41ee1d11853a2b9f75a6fa2c8eaea005652de9e0554ea409 1366
0016x0016-1-30fps-solid-disc-fixed-raw-iso-identity-scaled-nodef.json d6a9879a0fe9d81d4c7d37f92cba9521b6beb651a1d820e67c56d21dda23828c 763
0016x0016-1-30fps-solid-disc-oscillating-raw-iso-identity-scaled-absurd-fps-media.mp4 7dcdd7aaea0e4e7a2ddcc82618b9a0ae5a30d381d29d69306bec158007003081 1366
0016x0016-1-30fps-solid-disc-oscillating-raw-iso-identity-scaled-absurd-fps.json c9ee179e7eecf647d483ac6e99bf862e54594c7066ed8b360cfd3890a775acfa 774
0016x0016-1-60fps-solid-disc-linear-raw-iso-identity-scaled-trunc-box-media.mp4 a886ec431326dc45f33e1cbfb4a42d0b2475b34b9c49f44862d5ce4253bdfa56 28
0016x0016-1-60fps-solid-disc-linear-raw-iso-identity-scaled-trunc-box.json 42e1cac8ece49d041cf93e3cc5f69d6186e96157fe2b4dc96e16a39b270b5f90 767
0016x0016-1-60fps-solid-disc-oscillating-raw-iso-identity-scaled-unk-box-media.mp4 16141964b2f3a101ad5cf4c73357129561f88abcbb2e8ce512ce17b2eab5cc33 1374
0016x0016-1-60fps-solid-disc-oscillating-raw-iso-identity-scaled-unk-box.json eb97f6b535d3d6c90775eaf7dc2260c5ece71bab915a105374b4c59290b1ba0d 771
0016x0016-1-absurd-solid-disc-fixed-raw-iso-identity-scaled-count-mis-media.mp4 03c47c681353a9915732984d3dd4ddb01ac172928abda335e18133f7594b29c7 1366
0016x0016-1-absurd-solid-disc-fixed-raw-iso-identity-scaled-count-mis.json f232449b7d8806af073faca915e56511ff50adae25c27c313113ed6a7616a098 770
0016x0016-1-absurd-solid-disc-fixed-raw-iso-identity-scaled-unk-box-media.mp4 d522bf97ba0a0ffa448ab1e47dcaae839edfd0e50d47052ad6ea78ccd288f4e1 1374
0016x0016-1-absurd-solid-disc-fixed-raw-iso-identity-scaled-unk-box.json 76493af299d46e655fcae60b7eae33f5ab10a383dd57be6e9f25133259fe5986 768
0016x0016-1-ntsc-solid-disc-walk-raw-iso-identity-scaled-under-len-media.mp4 96f869e2679feeeb57258d53392fe53a56a6de5b836d71359e99facac35570c9 1366
0016x0016-1-ntsc-solid-disc-walk-raw-iso-identity-scaled-under-len.json 6dff85c7d7dccb0d403bc7683730c2449cb705c1846f7d005cf8f7a9cd5088a1 771
0016x0016-10-120fps-grid-cross-circular-raw-iso-identity-scaled-off-end-media.mp4 9729e9ac3e0e56d05835d70cb12cc7de4a6033bd6ef76b83ad4b966c4269dbf2 8350
0016x0016-10-120fps-grid-cross-circular-raw-iso-identity-scaled-off-end.json ddc96d4b773685aa752aa3c1f14a4a04495b4a8579edd30a0ee320e8efed6a47 5407
0016x0016-10-240fps-checker-disc-walk-mjpeg-avi-rot180-scaled-absurd-fps-media.avi 847bca5bc6e6504489b5ab606d11e1c0a0461364014003044bac11026de703a1 6752
0016x0016-10-240fps-checker-disc-walk-mjpeg-avi-rot180-scaled-absurd-fps.json 2e847098680fe93008fd9132ade79e6660ab8140135f91d26adddb1519d2b9e2 5285
0016x0016-10-60fps-checker-rect-linear-mjpeg-avi-rot90-unscaled-trunc-at-media.avi 148a7e4c0a0f14ae51f59d2911796f5bc6078fc92f9dcec1f6dc3f13bb69727d 1000
0016x0016-10-60fps-checker-rect-linear-mjpeg-avi-rot90-unscaled-trunc-at.json ce741c19c823282393ce75473d43f94da2ded50cb7ebab2886e638e2455dcfe7 4227
0016x0016-10-absurd-blobs-polygon-walk-raw-iso-rot90-unscaled-zero-pay-media.mp4 1db5368823d49aa2e285206322d854c1f364bb542eea5dd3d3ffaf9d0d802caf 8350
0016x0016-10-absurd-blobs-polygon-walk-raw-iso-rot90-unscaled-zero-pay.json 1afbaffe9851d6e20e4a9a39214622d2e7f0d534a30aee807c14019e5a76c539 4557
0016x0016-10-ntsc-gradient-polygon-fixed-raw-iso-rot270-unscaled-reorder-media.mp4 a3b0fc24629da5fad7d776ce58d7d3e1619072385a84d0f67ca7ce5c70472fa7 8350
0016x0016-10-ntsc-gradient-polygon-fixed-raw-iso-rot270-unscaled-reorder.json 45e6a9fe7be0bb352ac7f7ec3460dca5dcf3576af973817535805630fa3587c1 4253
0016x0016-10-ntsc-solid-disc-walk-raw-iso-identity-scaled-nodef-media.mp4 9e6d8aaae6c568622b4e52e24e1acc20165c7b90aa12109dafd62f9cff99b02c 8350
0016x0016-10-ntsc-solid-disc-walk-raw-iso-identity-scaled-nodef.json b4c1ec838c2fc95f5532ca106ace6cd6dadc95facec0cdb22fee9ccedb752197 5279
0016x0016-100-120fps-gradient-polygon-ballistic-mjpeg-avi-rot180-scaled-unk-box-media.avi f66b2230c4e6c70815e9c0de3ad84d3832e0aca53c3694e6b6649db63cb8d878 66808
0016x0016-100-120fps-gradient-polygon-ballistic-mjpeg-avi-rot180-scaled-unk-box.json 09c7cb092cf08ea87996c3628f7c46625068f847f9361daaf84f7df524791f18 47444
0016x0016-100-240fps-gradient-rect-linear-raw-iso-identity-unscaled-under-len-media.mp4 155c90e6d8211436df9044368caaa6ab4447dd7d7a510a57443d3ce3c740450c 78190
0016x0016-100-240fps-gradient-rect-linear-raw-iso-identity-unscaled-under-len.json ff84089369228714883908018aedab58d7a582d22d92a05370a80c1846690a1e 39756
0016x0016-100-30fps-solid-disc-fixed-raw-iso-identity-scaled-nodef-media.mp4 a19a0744f735e89cd0a21719ae347ca2a8b854540e9545d92884bcc6317e6ecf 78190
0016x0016-100-30fps-solid-disc-fixed-raw-iso-identity-scaled-nodef.json 94511709c41c887ae75e4be7b907e851fe0e5ac8868bc6b6e13ba9c16a08f65e 46003
0016x0016-100-60fps-grid-disc-walk-raw-iso-rot270-unscaled-non-mono-media.mp4 f38a7a08935b4e4fd4e22023131dca470d8e10627d1bf543dd84b46c6c40e003 78190
0016x0016-100-60fps-grid-disc-walk-raw-iso-rot270-unscaled-non-mono.json c624ff5a5f5e7baf7618b1ad955725f7b10e4e6ecfcbc87863ef136fa2fe5e52 43061
0016x0016-100-60fps-solid-disc-walk-raw-iso-identity-scaled-zero-fps-media.mp4 7e9594148fd06c14c99d854047339120053853e89dd590c3c9201f0e63a83f48 78190
0016x0016-100-60fps-solid-disc-walk-raw-iso-identity-scaled-zero-fps.json ee6e87a89c07e91956cb8ab60eb732190b5158cef9f3ffd0687dee127ff9dc9c 50356
0016x0016-1000-240fps-blobs-cross-circular-mjpeg-avi-rot270-unscaled-zero-fps-media.avi 747172ca882f4140b28774e2ec227276b248d895509ca5d12564bf4622cd680d 680232
0016x0016-1000-240fps-blobs-cross-circular-mjpeg-avi-rot270-unscaled-zero-fps.json 1550986bead96286b86b78697805901cb4f6a0bd9f00eca437f1d3212dada1f2 439812
0016x0016-1000-30fps-solid-disc-fixed-raw-iso-identity-scaled-nodef-media.mp4 c7a51e4476c3e5f52036d062b606177cd71a21035ce3e42590d3338c76f1b4ca 776590
0016x0016-1000-30fps-solid-disc-fixed-raw-iso-identity-scaled-nodef.json 87dd9247e22f4d7c1d56beb43b49043943033f1887e8a62efc5417e3e1fc81ac 458206
0016x0016-1000-60fps-checker-cross-ballistic-raw-iso-rot180-scaled-over-len-media.mp4 bcea79d7d003ee5449620c9ddf0f171584117e267909a1b53cde4e0f96a4d62b 776590
0016x0016-1000-60fps-checker-cross-ballistic-raw-iso-rot180-scaled-over-len.json e83c255590d42bb5ff12cb7ec9ab9d00564fa430b40087a0ed52e08395762ff1 479635
0016x0016-1000-absurd-solid-disc-ballistic-raw-iso-identity-scaled-off-end-media.mp4 5860057c802e25992a39b68ba83f176989086dfabccf3faeee0c575cf0ce17f1 776590
0016x0016-1000-absurd-solid-disc-ballistic-raw-iso-identity-scaled-off-end.json 657ea8b0eed2593a7ee908e369274ebf3c0da060ce032be30fc323f969ad7a37 479573
0016x0016-1000-ntsc-blobs-disc-linear-mjpeg-avi-identity-scaled-zero-dim-media.avi 91868e237786ceed8eb32228faf9962ae8c74f791b52247ce950b43269f1ae8a 679360
0016x0016-1000-ntsc-blobs-disc-linear-mjpeg-avi-identity-scaled-zero-dim.json 521b5a6b80f87884bd024653f356af796e2ea9ae6c4ff4f761a67dd6151166e4 460732
0016x0016-1000-ntsc-solid-disc-walk-raw-iso-identity-scaled-count-mis-media.mp4 5348b24f2d3411e4bdca799a2f270e3fd7b5d6b95adc06b3d9650f588a9f4705 776590
0016x0016-1000-ntsc-solid-disc-walk-raw-iso-identity-scaled-count-mis.json 7a05940b45725c3d083eece0d110c734cf8e22de7a631151bdf1fabe3430df24 505686
0016x0016-1000-ntsc-solid-disc-walk-raw-iso-identity-scaled-dup-box-media.mp4 028dc66658dc2f26c729d1e8b7fbe7ad49fcd75d450d67eb74954db8732b5db7 785036
0016x0016-1000-ntsc-solid-disc-walk-raw-iso-identity-scaled-dup-box.json 91c2b58c55faffd1a7ff6b1641688519a66e479a876c1e358f2aca0294034adb 505684
0016x0016-20000-30fps-solid-disc-fixed-raw-iso-identity-scaled-nodef-media.mp4 db3d24c4779b46278e62dc2abc3e4a91ccc82ad85cfb497acfff4b5b5b97f5be 15520590
0016x0016-20000-30fps-solid-disc-fixed-raw-iso-identity-scaled-nodef.json 3da3f420d24b4a32c7c80d2e4b5e49fe6637f36e07e6c6d4822f56ff6c72c0e6 9189209
0016x0016-20000-30fps-solid-disc-fixed-raw-iso-identity-scaled-zero-fps-media.mp4 f4230b4cb1d85d7604035e134181d8bea0b93e6c7be45103e6343a487cebd181 15520590
0016x0016-20000-30fps-solid-disc-fixed-raw-iso-identity-scaled-zero-fps.json e41993fe492bbd85220043e6bf0a8c92ecf972dd67b1f533f46dc341d7a0162d 9189212
0016x0016-20000-60fps-gradient-cross-fixed-mjpeg-avi-rot90-scaled-count-mis-media.avi 47b035609aeadc0f7d7542cbaaebd31eda8d338cc8a506c68525d8531cdf857c 14480232
0016x0016-20000-60fps-gradient-cross-fixed-mjpeg-avi-rot90-scaled-count-mis.json c6e7ac26aaf6c187a8577053e3786b63a0e06ce572942e0f81e4f76fca95e4da 9229220
0016x0016-20000-absurd-checker-polygon-oscillating-raw-iso-identity-unscaled-dup-box-media.mp4 81f1ef68b3400228887f41781d69f1c22db17c097dc5ee970979119095755bd0 15681036
0016x0016-20000-absurd-checker-polygon-oscillating-raw-iso-identity-unscaled-dup-box.json e20cdcbe1b97ac66424f7b5142b66b5ceb24b23e721b9e9a835d7bc88b93564e 8359536
0016x0016-20000-absurd-solid-disc-circular-raw-iso-identity-scaled-absurd-fps-media.mp4 df19e66b0937aef8023a31e07d0cc665372cd4adc18814bb914e90b703d405e7 15520590
0016x0016-20000-absurd-solid-disc-circular-raw-iso-identity-scaled-absurd-fps.json 6ac3d5e8128c2c43d8347d9f96db65a1d25af77821871c4a45d883d81d368c0f 10397339
0016x0016-20000-absurd-solid-disc-oscillating-raw-iso-identity-scaled-non-mono-media.mp4 4a73c3082f63dfa15dd2c89e430c682db17355f4f17c0f52c1c1893b7dccdd68 15520590
0016x0016-20000-absurd-solid-disc-oscillating-raw-iso-identity-scaled-non-mono.json b5edb4d711b9da808b84a930090138309ffc7bdde31b1410f9cc574a4dd830ec 9726863
0016x0016-20000-absurd-solid-disc-oscillating-raw-iso-identity-scaled-reorder-media.mp4 e7be94a4ca48d5f904b105aa939454ca907d30865273d3e0b0668356a48c30e4 15520590
0016x0016-20000-absurd-solid-disc-oscillating-raw-iso-identity-scaled-reorder.json 6f1a91e2a03c3994065ec9ce4a023bcb57d9932f8699a47857541e94495a12e0 9726862
0016x0016-20000-ntsc-grid-rect-oscillating-mjpeg-iso-rot270-scaled-trunc-box-media.mp4 290687309669d7890307afed59cd1ec48d2761e0a7bc6c7e9c0eda95ab56b0c1 28
0016x0016-20000-ntsc-grid-rect-oscillating-mjpeg-iso-rot270-scaled-trunc-box.json 93a58ee62b1ad048feaf1b800db683afddadff6d4249485758ace6f55b604de3 9738031
0016x0016-20000-ntsc-solid-disc-linear-raw-iso-identity-scaled-zero-pay-media.mp4 45ad63e1c2003f8946cd2d317b0bab92b2ada84dacd7a87ee9057797c38ed659 15520590
0016x0016-20000-ntsc-solid-disc-linear-raw-iso-identity-scaled-zero-pay.json 610ebb83012c8972c87d8042dedd7bba81f72140711e337776668615dc825ef5 9345477
0016x0016-20000-ntsc-solid-disc-walk-raw-iso-identity-scaled-over-len-media.mp4 1dd5d06f7d7e88ec688fedd35dcdb260136980ddc885a20cd82421718fbb7727 15520590
0016x0016-20000-ntsc-solid-disc-walk-raw-iso-identity-scaled-over-len.json f9ab57187b18cbe9ae3c4f43e6b693b311e427dc391689b987509250d0170ee3 10214274
0016x0016-20000-ntsc-solid-disc-walk-raw-iso-identity-scaled-trunc-at-media.mp4 75c1feeb2c9fa42805435a3a933bd6466fc056ef3052185224a5e280f4ac48f9 1000
0016x0016-20000-ntsc-solid-disc-walk-raw-iso-identity-scaled-trunc-at.json ab62f59fb54bbd7edaec41600524f814f66dcec3064e4b65c14f806b323a7acd 10214274
0256x0256-100-30fps-solid-disc-fixed-raw-iso-identity-unscaled-nodef-media.mp4 9854a736e3136854ff34bb28b80f2667b83cfd4cf64cc1bfe1d35904f064b0c7 19662190
0256x0256-100-30fps-solid-disc-fixed-raw-iso-identity-unscaled-nodef.json 2a0adc42977a9d3bbee0f454618a4ffb37fa1b529c5a912fde24f57d6082cac5 40181
0320x0240-1-240fps-grid-cross-walk-mjpeg-iso-identity-scaled-reorder-media.mp4 4ecd6c0cf3cc7faa364db63bd1b06244b810dce4d75afe459b472869c2dceb06 9954
0320x0240-1-240fps-grid-cross-walk-mjpeg-iso-identity-scaled-reorder.json 3777c3a13e994e59f4697306f37981045d3cfa5a4caba49dd9e1746ff5f900f7 774
0320x0240-1-absurd-gradient-rect-ballistic-mjpeg-avi-rot180-unscaled-nodef-media.avi b5f734554379d932121f76b32399690a591b2f59647ce39d6ed73669e8a333d4 3336
0320x0240-1-absurd-gradient-rect-ballistic-mjpeg-avi-rot180-unscaled-nodef.json b2bf2bc526fd974fe62e3af8fa8bd44f51c864aade31451b46ae93de832bd795 691
0320x0240-10-120fps-checker-disc-oscillating-raw-avi-rot90-scaled-zero-fps-media.avi 06d2d4a09031384f9dcdf01c06faf5671e94b42e3acf34b6b726bed46a40b079 2304472
0320x0240-10-120fps-checker-disc-oscillating-raw-avi-rot90-scaled-zero-fps.json 41802cf4376774520861d697399d58629f39e7086088b867d96c4f13d07575a1 5147
0320x0240-10-30fps-grid-cross-linear-mjpeg-iso-rot180-scaled-dup-box-media.mp4 f0200ae32c2a7287b8764d81f9b22ebc48f585c3d0cc1fc0c0bbb0df1fedc0f4 95005
0320x0240-10-30fps-grid-cross-linear-mjpeg-iso-rot180-scaled-dup-box.json 6bcaedba7ac92261afd841376c1feb984f6ae1d76288515ec5362bdac94e1840 4913
0320x0240-10-60fps-solid-rect-ballistic-raw-iso-identity-scaled-count-mis-media.mp4 2a341ad34222649ee04d82ab9479313904d9664e869a48b486d18d0c1559c8b3 2304670
0320x0240-10-60fps-solid-rect-ballistic-raw-iso-identity-scaled-count-mis.json c32dc2c92fe7d353ccb1fd49681b3a7940650e970af059eb546bfed86eb3f36e 5021
0320x0240-10-absurd-grid-disc-circular-mjpeg-iso-rot180-unscaled-over-len-media.mp4 b0368a26c75d5973da0c5ad7b87f5afce6799573324cd5253a7e0ae96cd9966b 92743
0320x0240-10-absurd-grid-disc-circular-mjpeg-iso-rot180-unscaled-over-len.json a680c7321d9c89ef8d7801a3f21da719b6a6ccea67e7554587933686636d7260 4652
0320x0240-100-120fps-solid-rect-fixed-mjpeg-iso-rot180-scaled-zero-pay-media.mp4 3503741bb6bc36d8cc60ab0fd31457a2a0b201aa2c2fcf4a0fed47f0a744ef3e 214490
0320x0240-100-120fps-solid-rect-fixed-mjpeg-iso-rot180-scaled-zero-pay.json 7ebb3158a05f8e269ac72de81d40a99d825b9c57cbf37e01adf5b88ff8e5b9ca 46510
0320x0240-100-30fps-gradient-disc-oscillating-mjpeg-iso-rot90-unscaled-off-end-media.mp4 30853ffe1d4ea234bced7013d3be50c9e6a8af04963ad6282a7b89f5e122ee56 309523
0320x0240-100-30fps-gradient-disc-oscillating-mjpeg-iso-rot90-unscaled-off-end.json 467ae3f0e83eb4946a4ebc6254774c12043b5d2d1fb8ad2eec131576fd493a88 41814
0320x0240-100-absurd-blobs-cross-fixed-raw-iso-rot270-scaled-trunc-at-media.mp4 8575d038d702b05325a6ff27663e801d0094b7f84edf1488bef7f587b63e08c6 1000
0320x0240-100-absurd-blobs-cross-fixed-raw-iso-rot270-scaled-trunc-at.json bad9f1d36f5bd9e8663255e95023d71f1775ebe598245a1641224d3c29c93483 46411
0320x0240-100-ntsc-checker-cross-circular-raw-iso-rot90-scaled-trunc-box-media.mp4 dcb455635f9d69abf84ddf4ece3b087ed15e05f9040e6347ebc2fac4459c8ded 28
0320x0240-100-ntsc-checker-cross-circular-raw-iso-rot90-scaled-trunc-box.json 449642aeebb8cfaafcc966fd3e900dd46bcbb2c141bf934d1323fcdff019664b 52043
0320x0240-1000-120fps-checker-rect-fixed-mjpeg-iso-identity-scaled-non-mono-media.mp4 e0aabc028612680fe943b2a62128ead01895583b436d2528235434aec999fe3e 2613590
0320x0240-1000-120fps-checker-rect-fixed-mjpeg-iso-identity-scaled-non-mono.json 5214fcfc659454ef38ab6c1e09adc03723d9d440572237c60af112175ee3df14 463219
0320x0240-1000-30fps-checker-rect-walk-mjpeg-avi-rot270-unscaled-unk-box-media.avi a37eaa4c675da987fcdeefb0511f8f97709a00f845854bbae7ad74f06cf1eaa4 2564060
0320x0240-1000-30fps-checker-rect-walk-mjpeg-avi-rot270-unscaled-unk-box.json e18eab62e614fa1774cad90202daace7d131e415522a8a9ba34abf1bf6c858d4 432849
0320x0240-1000-60fps-grid-polygon-linear-raw-avi-rot90-scaled-absurd-fps-media.avi cc915b60f647f742daa30e407fe87cdb8ecc9f945d8b3b88e7e6bd63aade5c0b 230424232
0320x0240-1000-60fps-grid-polygon-linear-raw-avi-rot90-scaled-absurd-fps.json 508722e4ad75c986581ba08d0af6d582b66b1b4c119b6241e975fd2eb3e274a4 463662
0320x0240-1000-absurd-solid-cross-oscillating-mjpeg-iso-rot180-scaled-under-len-media.mp4 1e60ff825b270b618a2f6ef151a55414a618574eeeebd994f8874393d716de56 2096060
0320x0240-1000-absurd-solid-cross-oscillating-mjpeg-iso-rot180-scaled-under-len.json 0c08bdeeea5e5bda18bb481b7034ee2555ea29e06e42032f4e02676e367e19fd 484392
0320x0240-20000-240fps-solid-polygon-circular-mjpeg-avi-rot90-unscaled-zero-dim-media.avi d0132946270846067dbb29a4ceef9e6ab081f5c37a4ad1046e161336eef41987 43729808
0320x0240-20000-240fps-solid-polygon-circular-mjpeg-avi-rot90-unscaled-zero-dim.json 5c6bd2c877c2fe22e4b6de7eceb2c3431d31d5b6909709c9afac7ce1ea203448 8864417
0640x0480-1-120fps-solid-disc-ballistic-raw-iso-identity-scaled-trunc-at-media.mp4 0df3318a91f08c3dee66d25e9bc254b2a43f320203e63270857831965b53fb0e 1000
0640x0480-1-120fps-solid-disc-ballistic-raw-iso-identity-scaled-trunc-at.json 7c40c1769664b67bd492300d09f27c4bbf7fcd352e5a25c9179089f2246a7636 779
0640x0480-1-30fps-checker-disc-circular-raw-iso-identity-scaled-zero-pay-media.mp4 91c6cbbdcfe8203c528147fd8759232a95c59ba4463d1a6302cbc29acd0fd739 922198
0640x0480-1-30fps-checker-disc-circular-raw-iso-identity-scaled-zero-pay.json 59f2875c6142afaaccf9fda3f31404c89303c4eae4d25a4c9a1a4cfcb28588c0 781
0640x0480-1-30fps-checker-disc-linear-raw-iso-rot180-unscaled-count-mis-media.mp4 c1e5bc69f767e3fcfad8402d0a619a3e2b80362b0eb95f0a0f70685f92d87a43 922198
0640x0480-1-30fps-checker-disc-linear-raw-iso-rot180-unscaled-count-mis.json 77a2b08c4cdc65ae515198e889de230db7d2e55dd723b22e64ef42e3971308a0 690
0640x0480-1-30fps-solid-polygon-linear-raw-iso-rot90-scaled-non-mono-media.mp4 32fa0364347a2f21c12964ae94cccb62e016099707fc10641b5a2fb6c0d5c6e9 922198
0640x0480-1-30fps-solid-polygon-linear-raw-iso-rot90-scaled-non-mono.json 172d851a9266e800ae3eefc1fce46f55f5c2ea69fba3ad4f3707b5974e06dcd0 777
0640x0480-1-30fps-solid-rect-fixed-raw-iso-identity-scaled-over-len-media.mp4 5f0a4ded8358f5367ebf227d2ef8ac9373daf8eeed6b125aececaf25ad67fb8c 922198
0640x0480-1-30fps-solid-rect-fixed-raw-iso-identity-scaled-over-len.json 8fd60a07ef7c4b6c4389088df84a2a811fa630df578f33d12a411df1d18848c8 774
0640x0480-1-60fps-blobs-polygon-oscillating-raw-iso-rot90-scaled-nodef-media.mp4 fa346177d147effc3964e5895d6106cebf22f35249d762b99094602780f01581 922198
0640x0480-1-60fps-blobs-polygon-oscillating-raw-iso-rot90-scaled-nodef.json 61ff0f595bdb2aaa761958d2cf3638bddbecc9842f0c784d175cfa77f1c37916 780
0640x0480-1-60fps-solid-disc-fixed-raw-iso-rot90-scaled-dup-box-media.mp4 0a51968e9a2f8fca0bbb0af724b9ae8a4f66c199e03815ffc14bddb07ea33270 922652
0640x0480-1-60fps-solid-disc-fixed-raw-iso-rot90-scaled-dup-box.json be5a9a056eff236d2ff1ee4e1c20d961b5df9339d27a1f4cd79c78628275c793 770
0640x0480-1-ntsc-checker-polygon-linear-raw-iso-rot270-scaled-off-end-media.mp4 8049ce6862585433b1b82c03f506efd37b158fd7f8201fa79b7a8474733812d5 922198
0640x0480-1-ntsc-checker-polygon-linear-raw-iso-rot270-scaled-off-end.json 9f06b79e92edfbe4cfd994b7a764089a69ede73116ed1675647e5b88d6fd6cc1 786
0640x0480-10-240fps-grid-cross-fixed-mjpeg-avi-rot90-unscaled-unk-box-media.avi 1d1c486e7c34ff5407592d995eebfc831b96c97aeedccac542ef65f91169a28f 339960
0640x0480-10-240fps-grid-cross-fixed-mjpeg-avi-rot90-unscaled-unk-box.json eabc057a083c77f89803788fa1b48fe6dd84f3d5b242b93cbf29fb5c0305abff 4271
0640x0480-10-absurd-solid-polygon-linear-raw-iso-rot270-scaled-zero-fps-media.mp4 e38d6617299482bb99b8e31c8865779d3da920c7775ba9c217a5b8173280899f 9216670
0640x0480-10-absurd-solid-polygon-linear-raw-iso-rot270-scaled-zero-fps.json 58299e8e1ad8faf6e517f7dd26b77ab806435a60cd944c74f3fe695ba7e01740 4941
0640x0480-10-ntsc-solid-cross-walk-raw-iso-identity-scaled-absurd-fps-media.mp4 501e3cc3ad790f47028900c59b92aa63d88d329956d51ef726961f1d6fb342bb 9216670
0640x0480-10-ntsc-solid-cross-walk-raw-iso-identity-scaled-absurd-fps.json 6b24e0740cc138aa26502249c9cf2f65a711f56ad7fedee067dac140b609b79f 5359
0640x0480-100-30fps-solid-disc-linear-raw-iso-rot90-scaled-reorder-media.mp4 a00c3c75f35f900439810b51eba4f644335feeb28d33698318e4982ded347f24 92161390
0640x0480-100-30fps-solid-disc-linear-raw-iso-rot90-scaled-reorder.json 1aa496f7c7c6a64fecb8e83f29e0a6f81e1aac0cadc450083965f99c27ea2ed9 46585
0640x0480-100-60fps-blobs-rect-circular-raw-iso-rot180-scaled-zero-dim-media.mp4 5ced05bc26bcf83f25f476d08e32a0aecba27b8518d7a404d9343c09fff56390 92161390
0640x0480-100-60fps-blobs-rect-circular-raw-iso-rot180-scaled-zero-dim.json 07a236d85f01436cefa3b947c76b18746d20a2fe1a3f960e1e3f945c7b63001b 52203
0640x0480-1000-120fps-gradient-disc-walk-raw-iso-rot270-unscaled-trunc-box-media.mp4 8efb46e9dfb53e10ecf8b690c963d2c757400e76750103a462cc9905419adc42 28
0640x0480-1000-120fps-gradient-disc-walk-raw-iso-rot270-unscaled-trunc-box.json b969410d92879dfe7eada8e35952f9cc26fe3fb98680df438727edbd6a3d8161 433798
0640x0480-20000-30fps-blobs-polygon-ballistic-mjpeg-iso-rot90-scaled-under-len-media.mp4 68797c3dba639be90796860931e394d7d84c71d7823b2996a055ffc0e9ee4005 166191722
0640x0480-20000-30fps-blobs-polygon-ballistic-mjpeg-iso-rot90-scaled-under-len.json 9efbc88d49ee8d95e7a3c3855cbf585a51ba912e19e399139a446d1666dedcc9 9923566
1280x0720-1-120fps-checker-cross-linear-raw-iso-rot270-scaled-nodef-media.mp4 ee1b48e4d791c08110bf2dce4ee218cb2a97f5aa030b56ac674fae07c4891595 2765398
1280x0720-1-120fps-checker-cross-linear-raw-iso-rot270-scaled-nodef.json 54e26df7a9c6602912491a9fcfb932bede18df19bf58c6d688bd80ff2e08ea0e 780
1280x0720-1-30fps-checker-cross-fixed-raw-iso-rot270-scaled-zero-dim-media.mp4 a00d9f3a7a24c8d4784968d82f97d338681ebbc34d1ae142ba8ad53fc870ae8e 2765398
1280x0720-1-30fps-checker-cross-fixed-raw-iso-rot270-scaled-zero-dim.json efcc7ba9d3f1fa2adfaf219ba3ac0de4f8aeff17c6b84579f6fa05c1d280903c 780
1280x0720-1-30fps-gradient-rect-fixed-raw-iso-rot270-unscaled-absurd-fps-media.mp4 6634327166851d9d3deb5c8965f0a63df7a92b826f149edec4fe82c28d33ce7a 2765398
1280x0720-1-30fps-gradient-rect-fixed-raw-iso-rot270-unscaled-absurd-fps.json 2aa510dafa8793636ddeaf6afffde77297db2a0f761edf5300798b3a26b2e37d 693
1280x0720-1-60fps-checker-disc-fixed-raw-iso-rot270-scaled-under-len-media.mp4 71b074cdff1fdb54bf282a8cc15d40285678fbfbe3b26378bb8ff3324ae2e0c8 2765398
1280x0720-1-60fps-checker-disc-fixed-raw-iso-rot270-scaled-under-len.json baa17e098e6fa6983b01c2dd0812cee799c8988fa5f2bcb317e00cf931771212 779
1280x0720-10-240fps-gradient-cross-ballistic-raw-iso-rot180-scaled-non-mono-media.mp4 1f974a9e6895b253605ea3c17301b16c3056f1b27fe205cb3929c8d45c1198df 27648670
1280x0720-10-240fps-gradient-cross-ballistic-raw-iso-rot180-scaled-non-mono.json 3a5c43335dc009f6e327099ed292f9dcd13e76156df72ca9830dbf512af664de 5064
1280x0720-10-240fps-grid-disc-ballistic-mjpeg-avi-identity-unscaled-zero-fps-media.avi e2cb90ef8591a39374d5217acc3a0d1f35b78f4ea8dba4d44ce6e87a1846f298 1005380
1280x0720-10-240fps-grid-disc-ballistic-mjpeg-avi-identity-unscaled-zero-fps.json 6357792c96e9997e9f70a3c2f96dda9b72174ace0ef10d5880e57fcb31a2ab07 4355
1280x0720-10-240fps-grid-disc-oscillating-raw-iso-identity-scaled-zero-pay-media.mp4 0969d40b230c5a80006c7cf80d23fdaa2eef85d04cadfd01459d9586108648ad 27648670
1280x0720-10-240fps-grid-disc-oscillating-raw-iso-identity-scaled-zero-pay.json 0ff4fbfe29b2437fc9d66529991893d8a9476ffee0d5a2c20045b1200455995d 5183
1280x0720-10-absurd-grid-disc-fixed-raw-iso-identity-scaled-trunc-box-media.mp4 22257738476554472e67ee0503ef2e7519849d10ab582570d4cefb51aae23530 28
1280x0720-10-absurd-grid-disc-fixed-raw-iso-identity-scaled-trunc-box.json 5a5045f14f00b6e3982b904e52190563b0b5223c1412e424caca0a5ffa76a401 4948
1280x0720-100-120fps-blobs-polygon-circular-raw-iso-rot270-scaled-count-mis-media.mp4 ab1944aaef1534182ae9c95372ed503bbe4be3e678fa424bc2f8b0ab7dde8181 276481390
1280x0720-100-120fps-blobs-polygon-circular-raw-iso-rot270-scaled-count-mis.json 4108e5090918cfdcb2e4b420abdea4ec8c127f6e7f840b143795c571c9f34f55 52464
1280x0720-100-120fps-blobs-polygon-linear-raw-iso-rot90-scaled-over-len-media.mp4 5cc69675298ab40cc00e5592c9b871ca1e0f8efd4565c9185db028549f7c8e2e 276481390
1280x0720-100-120fps-blobs-polygon-linear-raw-iso-rot90-scaled-over-len.json 7055081dad13e3e5603256497b0ac073491d07f5ecf29f2a5318d2d0f4e5f397 46715
1280x0720-100-120fps-gradient-rect-ballistic-raw-iso-rot270-scaled-dup-box-media.mp4 f475806a7bd17ee9714538d517ae868c8ebca3dba34feae936273e5fc9ec394f 276482636
1280x0720-100-120fps-gradient-rect-ballistic-raw-iso-rot270-scaled-dup-box.json fd717d658c4ecd50147e81e2f60c11714136c2e033615e59ce980a60902c0070 47843
1280x0720-100-ntsc-solid-rect-circular-raw-iso-rot180-scaled-unk-box-media.mp4 184e708719c7430e9977357c104055d968e83741b248aeb4fbb492d68a968e6f 276481398
1280x0720-100-ntsc-solid-rect-circular-raw-iso-rot180-scaled-unk-box.json 442bfe1943e0c6b164fe7405a4297724ef5f53d4dbcbeb78098722477e7ff1b6 52459
1280x0720-1000-30fps-gradient-polygon-circular-raw-iso-rot90-scaled-trunc-at-media.mp4 cb3c28621515eae37b69e91f980748001dee079952ecf23e6176484cf5675887 1000
1280x0720-1000-30fps-gradient-polygon-circular-raw-iso-rot90-scaled-trunc-at.json 53429e8b2a596bc936811669d0cc69f1f364a12860b99db2cf5be15dd54e294f 522704
1280x0720-1000-60fps-checker-rect-ballistic-raw-iso-rot180-scaled-reorder-media.mp4 11c9fda88428592cfda320be4f335d78ba1a736acb9d1a1403a15cf989edb05d 2764808590
1280x0720-1000-60fps-checker-rect-ballistic-raw-iso-rot180-scaled-reorder.json a5921491c640fb27975eeed9f74f54a4866250fc79ceb14a552bb63cef4f8eb2 481558
1280x0720-20000-60fps-blobs-disc-walk-mjpeg-iso-rot180-scaled-off-end-media.mp4 3d428664c2cfa9dcea51e476dabbc2deeb2b6a320545c18ee8bfdeb97204f5a9 362616735
1280x0720-20000-60fps-blobs-disc-walk-mjpeg-iso-rot180-scaled-off-end.json 3522c4d99dcd27ff1060363cdba33479b416fdda84be79ec23ca1af7a94e3678 10264453
1920x1080-1-120fps-blobs-disc-circular-raw-iso-identity-scaled-reorder-media.mp4 dedd1d5130452a7b17d3795bfbbd1c7fb97d0ca3886c994b937915e22249a344 6221398
1920x1080-1-120fps-blobs-disc-circular-raw-iso-identity-scaled-reorder.json 092bd6cc52b86e488799c37f7c7028e3c26a0409eee70ff433691dca23908462 783
1920x1080-1-240fps-blobs-disc-circular-raw-iso-identity-scaled-dup-box-media.mp4 d1e06aa9dfc753415f89ff89cfb00a77227b5b04b5bde2963e3e3a349efed055 6221852
1920x1080-1-240fps-blobs-disc-circular-raw-iso-identity-scaled-dup-box.json 9e645ba9cf0782f6367f7aaef4c4d760340bffe4bf4478fa981a4eae900116b6 783
1920x1080-1-240fps-gradient-disc-oscillating-raw-iso-rot270-scaled-over-len-media.mp4 cc00bfce807bd42143951e891bd05ece588d07d05271c0c48cf04c4140c2b818 6221398
1920x1080-1-240fps-gradient-disc-oscillating-raw-iso-rot270-scaled-over-len.json e3400c7a5ef3fa61317b7a609e7b1dfe6360ad90dc1c27b502dc8b1d2d22445a 789
1920x1080-1-240fps-grid-disc-circular-raw-iso-identity-scaled-nodef-media.mp4 afc2cbf69b54350197df493ddda766bea7315505179ea96d4437d737c5fe5c40 6221398
1920x1080-1-240fps-grid-disc-circular-raw-iso-identity-scaled-nodef.json 832cdba98869675535b569285124659f1a6bc961a6f919d45aef48f5daaa01af 779
1920x1080-1-240fps-grid-disc-oscillating-raw-iso-identity-scaled-count-mis-media.mp4 18323ef45912b70dec74ce8ff12a2c052a512d60be4d2781a4cb65e10a8e8ea1 6221398
1920x1080-1-240fps-grid-disc-oscillating-raw-iso-identity-scaled-count-mis.json 1a2217c9a0a52e460c4f5e3046570cc1a08ce199202f74324df50d23a98ae69e 784
1920x1080-1-240fps-grid-disc-oscillating-raw-iso-rot180-scaled-trunc-at-media.mp4 77c480ff0a53e67f8fc7ccbd530901ee1d379f30fb33abae25a6c80627f70d3f 1000
1920x1080-1-240fps-grid-disc-oscillating-raw-iso-rot180-scaled-trunc-at.json 4226d70f4ff372594386ce4075bbb89f582bb9a1972f0ecf12a165d5d8b22f11 781
1920x1080-1-240fps-solid-rect-fixed-raw-iso-identity-scaled-off-end-media.mp4 85809ef9d25fd03c9f2eb09d5f24eb80d041c02298096c7d7c3f106f72701be5 6221398
1920x1080-1-240fps-solid-rect-fixed-raw-iso-identity-scaled-off-end.json 973c7c5cfa94d4f9fa37020c74c69421297b6a624ce6f44167bdbe500501aa43 778
1920x1080-1-ntsc-blobs-disc-circular-raw-iso-identity-scaled-non-mono-media.mp4 d99824fb6790fbb2bfea5f24d031a5a7eaaec6040a14161732bb86e7eac47f9d 6221398
1920x1080-1-ntsc-blobs-disc-circular-raw-iso-identity-scaled-non-mono.json 52d855c19b677302e2910923e939c510548496286fac06c8ad00fb4ebf8c23dd 787
1920x1080-10-120fps-grid-disc-circular-raw-iso-identity-scaled-under-len-media.mp4 14d639b3383f45ca68996e98a9286b18df9c89295f9c50786dd45ecc14ca834c 62208670
1920x1080-10-120fps-grid-disc-circular-raw-iso-identity-scaled-under-len.json a607d105bf69cf84cbb8f67b73c5a33c6b59bdaa1d9c1ed4382810e7f7480131 5483
1920x1080-10-absurd-solid-disc-oscillating-raw-iso-identity-scaled-zero-dim-media.mp4 cc699e50cb80fbffd6e0b4e26fc69cd722895ea7a506cadc6bc4a30cf8ccd594 62208670
1920x1080-10-absurd-solid-disc-oscillating-raw-iso-identity-scaled-zero-dim.json 04eb6338b7e42ff02d54c85a94dfdf9109c7f34d04ed7b7d702871375c2b6bb2 5189
1920x1080-10-ntsc-solid-rect-ballistic-mjpeg-avi-rot90-unscaled-zero-fps-media.avi 04e31191bacc05e4f6edc30c91147805c0f7fe77e7211f6a41ab97007873cf83 339768
1920x1080-10-ntsc-solid-rect-ballistic-mjpeg-avi-rot90-unscaled-zero-fps.json 353038fe95ecc2661cda2e666b70a82efdacb66aa32254e5c03df8906a7950d6 4362
1920x1080-100-120fps-blobs-disc-ballistic-raw-iso-identity-scaled-absurd-fps-media.mp4 c6f0d3ac352bd775261c9a910d79587104a3cfa6c6a06f8489a2bcd168b4c9e1 622081390
1920x1080-100-120fps-blobs-disc-ballistic-raw-iso-identity-scaled-absurd-fps.json e4e5bb045d8f11aa8bb215de470791f4af95f1cef437367adbff2fea0478077b 47934
1920x1080-100-30fps-checker-polygon-walk-raw-iso-rot180-scaled-trunc-box-media.mp4 dcb455635f9d69abf84ddf4ece3b087ed15e05f9040e6347ebc2fac4459c8ded 28
1920x1080-100-30fps-checker-polygon-walk-raw-iso-rot180-scaled-trunc-box.json 0a93519149882c8ab170ad94434bf2d983a7e59449dfa6d4b6b5d04b70fb4725 51616
1920x1080-1000-60fps-gradient-cross-fixed-mjpeg-iso-rot270-scaled-zero-pay-media.mp4 b86c112085443bc78d37b4360fc0e30eacd9795e1c35863924ffbcc3c6b51b8c 41914590
1920x1080-1000-60fps-gradient-cross-fixed-mjpeg-iso-rot270-scaled-zero-pay.json 0dd63373fc2005d2a435771c5b74d03f3891981e8b1ca324734d522c5e1f53a0 465221
1920x1080-20000-120fps-blobs-disc-linear-mjpeg-iso-identity-scaled-unk-box-media.mp4 c5f7cb2971cac6dde5818e71949f305c6e8fb1df5464603224ef3a8e102a6dfb 722160448
1920x1080-20000-120fps-blobs-disc-linear-mjpeg-iso-identity-scaled-unk-box.json e636aca96ea67e3b22c71fb054c900c8e03819553eab1f5bb79aa54809a883ae 9433523
